
Microsoft Visual Studio Solution File, Format Version 12.00
# Visual Studio 2012
Project("{FAE04EC0-301F-11D3-BF4B-00C04F79EFBC}") = "Szeregowanie zadań na wielu procesorach", "Szeregowanie zadań na wielu procesorach\Szeregowanie zadań na wielu procesorach.csproj", "{854632CD-0EB3-44B4-969B-BFE55C855EE4}"
EndProject
Global
	GlobalSection(SolutionConfigurationPlatforms) = preSolution
		Debug|Any CPU = Debug|Any CPU
		Release|Any CPU = Release|Any CPU
	EndGlobalSection
	GlobalSection(ProjectConfigurationPlatforms) = postSolution
		{854632CD-0EB3-44B4-969B-BFE55C855EE4}.Debug|Any CPU.ActiveCfg = Debug|Any CPU
		{854632CD-0EB3-44B4-969B-BFE55C855EE4}.Debug|Any CPU.Build.0 = Debug|Any CPU
		{854632CD-0EB3-44B4-969B-BFE55C855EE4}.Release|Any CPU.ActiveCfg = Release|Any CPU
		{854632CD-0EB3-44B4-969B-BFE55C855EE4}.Release|Any CPU.Build.0 = Release|Any CPU
	EndGlobalSection
	GlobalSection(SolutionProperties) = preSolution
		HideSolutionNode = FALSE
	EndGlobalSection
EndGlobal
